github.com/cplieger/arrapi v1.7.0 h1:svFZhUvXQouwJb8pxc+ZRmq7tkOKOSlNwjK+kXcWQKo=
github.com/cplieger/arrapi v1.7.0/go.mod h1:72mOov8fSs+SObR3ZH6oHbsChAGTSXh2ahLYSrizuF0=
github.com/cplieger/atomicfile/v2 v2.2.0 h1:JY8wEZ+DmcenfuaVvHOaCZJdVbwpSr6z4wT5y278FCM=
github.com/cplieger/atomicfile/v2 v2.2.0/go.mod h1:jgwJ7oU3qahL4NwiF+1iBIzPRpR8LwXnicSalGoJeVA=
github.com/cplieger/envx/yamlenv v1.1.0 h1:owAvn64ygGlDFMZVqho9PlKS2ONtf8AFr+E8Av8tDng=
github.com/cplieger/envx/yamlenv v1.1.0/go.mod h1:SqWyN5bqVe82N+QTchfKzg7YREQNCsi9SWvCHnxCbb8=
github.com/cplieger/health v1.4.0 h1:MnLfSZNRnq7wYSMVi1s8Ox0kowk5iPzmqVKQ5JHHsoM=
github.com/cplieger/health v1.4.0/go.mod h1:15Lm3XhPMU3nCEDfIH2hVAz6TXH06Wwiz9tgBi71vEE=
github.com/cplieger/httpx/v2 v2.6.0 h1:KPBxno0EY/KcwXiB1Vi94bE4NFNaXxFyqnp02XBn9FY=
github.com/cplieger/httpx/v2 v2.6.0/go.mod h1:Q3ulXhfiO40EGxIVofnz2KdJY1X3MSKZTwYhv/pL9W0=
github.com/cplieger/httpx/v3 v3.1.0 h1:KXbVxn9+c/7UbnXKQgH+Qh75syqqYiV9UH0GzwO0YR8=
github.com/cplieger/httpx/v3 v3.1.0/go.mod h1:aITrLHd0nPnJ5+Gu76xhRyOChC0KZEBCwslCELPHk+s=
github.com/cplieger/runesafe v1.0.0 h1:ZI3zLucRSMIcrpwwkMhCvsY4hyLNGJP4embfxWTZwV0=
github.com/cplieger/runesafe v1.0.0/go.mod h1:37oz7JJVn1PIWv5UHrJhDhCabmqhMY+eRavwZ6Lp6NI=
github.com/cplieger/scheduler v1.2.0 h1:f3iOT8KXvakAWvwWkgrlg/cVBXweLgImIBrpoqgOM2o=
github.com/cplieger/scheduler v1.2.0/go.mod h1:OT/FkHZsRcL7I4oFfeFT6PM9ZhafBfcZWBfakQmBV5I=
github.com/cplieger/slogx v1.3.0 h1:UXTm85V0ChnnTnAsSVq2Vl4Aywb7dw+FcYaBnzgnVHk=
github.com/cplieger/slogx v1.3.0/go.mod h1:15KA2NVx725imQe/PYXUmd3oM2oMpYpqwU+hdHtz7Fc=
github.com/cplieger/webhttp v1.10.0 h1:OsrKM1AR9KqY9eBxzrRnIsLGTaa/coGcA/sZHXGOgQM=
github.com/cplieger/webhttp v1.10.0/go.mod h1:RYtweYFUohqE5DIOt06Ypr0j9VHXjxSPBLIG3vM0H44=
github.com/devopsarr/radarr-go v1.2.1 h1:96pwxuR75Ks1W01su4dwhUpjBUpAb3Zy9EVswqLwHpA=
github.com/devopsarr/radarr-go v1.2.1/go.mod h1:uydTUSf+2zHNKCGq3U9ooHAlElHIOhDA+2J7nje1bHE=
github.com/devopsarr/sonarr-go v1.1.1 h1:5C/D3I5EaWQsx5DU5FRn5rFKhFNtABLxJFuL7CyBJ90=
github.com/devopsarr/sonarr-go v1.1.1/go.mod h1:VEnGyisuigdBCaxkSNxEVRYrhsKxvw/jc7bFMaFSIZA=
go.yaml.in/yaml/v3 v3.0.4 h1:tfq32ie2Jv2UxXFdLJdh3jXuOzWiL1fo0bu/FbuKpbc=
go.yaml.in/yaml/v3 v3.0.4/go.mod h1:DhzuOOF2ATzADvBadXxruRBLzYTpT36CKvDb3+aBEFg=
gopkg.in/check.v1 v0.0.0-20161208181325-20d25e280405 h1:yhCVgyC4o1eVCa2tZl7eS0r+SDo693bJlVdllGtEeKM=
gopkg.in/check.v1 v0.0.0-20161208181325-20d25e280405/go.mod h1:Co6ibVJAznAaIkqp8huTwlJQCZ016jof/cbN4VW5Yz0=
pgregory.net/rapid v1.3.0 h1:vBvO0VSqti75J1jjYqpgPNBLKMd1+gxa9fYo7vk/Exc=
pgregory.net/rapid v1.3.0/go.mod h1:dPlE4OBBxgXPqkP79flB6sJL1dx5azpI7HQ9MY9Z7uk=
