github.com/cplieger/arrapi v1.8.8 h1:/qxBbr/l6mPZiSxqEodpoLHgqt5/bArjAZ2LdfdJRhM=
github.com/cplieger/arrapi v1.8.8/go.mod h1:AoksyDKB+LJM1IY6KuTmUg3zq5fRAmVPMWbvNBp0YlA=
github.com/cplieger/atomicfile/v2 v2.9.1 h1:ffPe0EEDOUuVJCFpYlj6GbyBBQe6B/M2pYAlgXvXreM=
github.com/cplieger/atomicfile/v2 v2.9.1/go.mod h1:nGhc6CiB3BdQtQsKh/E4Trp5kr4wRxcpslZYsc/qBRQ=
github.com/cplieger/envx/yamlenv v1.2.2 h1:esq19+kpbkWzkF8Y6t7M0oq+JwqqbYtqk37miHGp0eY=
github.com/cplieger/envx/yamlenv v1.2.2/go.mod h1:d+ivrhPmc0MCT/69Ez9hSXuWMCDI6xreIbQ4ENcB0vI=
github.com/cplieger/health v1.5.2 h1:EJcp1u5Me5ARd028gbchruhQqYEASMYuxB2cIrEB048=
github.com/cplieger/health v1.5.2/go.mod h1:ViT0fs8p3ZpM1yQeE0k5TroM0SCT/Q56MdKWpv4q9us=
github.com/cplieger/httpx/v4 v4.3.1 h1:XDyP4i0k02B6wvnW4mp0KQ7vM6RIHtzkkP0Gzzu2GVI=
github.com/cplieger/httpx/v4 v4.3.1/go.mod h1:0coefCZ470kiMATdNrU0CY5a4g/W7pFy0433CVZHwWc=
github.com/cplieger/jsonx v1.3.0 h1:m6rpdqXD2nZ74CguFaFXHmaS+V9Em9YVwsPN/X8FPWo=
github.com/cplieger/jsonx v1.3.0/go.mod h1:6EoDR/SptVUcpEx+YyZcvGym6Je9vBPmhEwG/BwAVv8=
github.com/cplieger/keyenc v1.0.0 h1:JcFP/Eo+vCWXOyRvUCIVXyJIUOtfy0GkKgOXKE+vU2Q=
github.com/cplieger/keyenc v1.0.0/go.mod h1:p1k0R76F3pZH5i+OrNd3UazKrcsYL26H3kXly083ozA=
github.com/cplieger/runesafe v1.4.1 h1:yRlSpbjPVVRHqlWflwx1mXKH4eudbTqbga3/CAZTSsY=
github.com/cplieger/runesafe v1.4.1/go.mod h1:YLZBsc8mkP/AdmRml6BcsHgUeQm6hZZ7YLcjpY91Nzo=
github.com/cplieger/scheduler/v2 v2.0.0 h1:SuMKuywcxAGdlBIvMEoGK7debBWnYwbpPlkw3n4QrMI=
github.com/cplieger/scheduler/v2 v2.0.0/go.mod h1:+uGxZnD7/hftimflPJgOmNY3jqShKFhUZuBEpNgc1dA=
github.com/cplieger/slogx v1.6.2 h1:PfF+3SugvCJn4jYFOWrrLt8CFp2AJVqmnrkxWEDSPGU=
github.com/cplieger/slogx v1.6.2/go.mod h1:X+e8ilaM7ZP4luCDEQyQNalymzgGmB8jk3fyz5h9FJQ=
github.com/cplieger/urlform v1.3.0 h1:8gNEzEjtxpek/yfKRTBfit/9cDFB8d7Q9Ev12LRAk68=
github.com/cplieger/urlform v1.3.0/go.mod h1:UjT7v9kMA+KmC5FcGv4fvEP4G7Jd1p/elPmvjtEBMXc=
github.com/cplieger/webhttp v1.23.1 h1:516SQtv8ARg5MjdqigF8/AXJttWt3LqmKd4rOLXm2bs=
github.com/cplieger/webhttp v1.23.1/go.mod h1:zamKuC9sws/0ql2zKMroo0bCLUCqvNkgJpK2Ot5GwRo=
github.com/cplieger/xmlx v1.0.0 h1:tdUqGwAQ5kufIWwDJjYnWS2AcXoT5URLpfa5KaDR+CA=
github.com/cplieger/xmlx v1.0.0/go.mod h1:iZ1VwTghHYMNpbDmwX19wApwlAS+TzWVOV4NCq0zirY=
go.yaml.in/yaml/v3 v3.0.5 h1:N6y/pJk8buWs9NY5ERU2HSMfm+IuD/OtfdAnq6kESPw=
go.yaml.in/yaml/v3 v3.0.5/go.mod h1:HVTZu1O7/Vkt2N+BFy8Zza+lnLsABggaTM2ZpNIGuKg=
pgregory.net/rapid v1.3.0 h1:vBvO0VSqti75J1jjYqpgPNBLKMd1+gxa9fYo7vk/Exc=
pgregory.net/rapid v1.3.0/go.mod h1:dPlE4OBBxgXPqkP79flB6sJL1dx5azpI7HQ9MY9Z7uk=
