github.com/cplieger/arrapi/v2 v2.0.0 h1:xRdeVr4lGWM6aKYTPHxFU/EUz+Vjh0GADN6PMdMuJ7k=
github.com/cplieger/arrapi/v2 v2.0.0/go.mod h1:C8fd2ySnFjrbKmOPowgL2PfTvUviC3kJeprzyMcELOA=
github.com/cplieger/atomicfile/v3 v3.0.0 h1:IQI5CN6cG6ZWIwm9r4zjJ7AiqgSJaaV9NuvuGldVvJI=
github.com/cplieger/atomicfile/v3 v3.0.0/go.mod h1:p1o6Tes6zmq8+/d3k/+eN0jvXXco+vt3xCi9v0d5jkI=
github.com/cplieger/envx/yamlenv/v2 v2.0.0 h1:YNznn50HfSIJMBWzcAtqPw4SWAyHtjU3zC6dWFDNd+A=
github.com/cplieger/envx/yamlenv/v2 v2.0.0/go.mod h1:5wXZtzDzSl/zu+GPd5b76f5qpBVLW0AdbTFAaDy1aXQ=
github.com/cplieger/health v1.5.2 h1:EJcp1u5Me5ARd028gbchruhQqYEASMYuxB2cIrEB048=
github.com/cplieger/health v1.5.2/go.mod h1:ViT0fs8p3ZpM1yQeE0k5TroM0SCT/Q56MdKWpv4q9us=
github.com/cplieger/httpx/v5 v5.0.0 h1:S7jCBzPfOHHXZuFEsaN35UthMZpvlN/aYywP5nb1itI=
github.com/cplieger/httpx/v5 v5.0.0/go.mod h1:3ap2CAq592k7smKhe3lWrwklthtmJ6L4cIWMTMM8O10=
github.com/cplieger/jsoncap/v2 v2.0.0 h1:Q/GLv75foxGGhxG8uTmiXgrPAnv5tUiBiFhvcw5+3XU=
github.com/cplieger/jsoncap/v2 v2.0.0/go.mod h1:tE1ti+CmjfXHpgAbjNdlbAe7/tZaxIOmGO5sMPQbtAY=
github.com/cplieger/jsonx v1.3.0 h1:m6rpdqXD2nZ74CguFaFXHmaS+V9Em9YVwsPN/X8FPWo=
github.com/cplieger/jsonx v1.3.0/go.mod h1:6EoDR/SptVUcpEx+YyZcvGym6Je9vBPmhEwG/BwAVv8=
github.com/cplieger/keyenc v1.0.0 h1:JcFP/Eo+vCWXOyRvUCIVXyJIUOtfy0GkKgOXKE+vU2Q=
github.com/cplieger/keyenc v1.0.0/go.mod h1:p1k0R76F3pZH5i+OrNd3UazKrcsYL26H3kXly083ozA=
github.com/cplieger/runesafe/v2 v2.0.0 h1:jEkFU2dbDxKLwgHag6l3gbSLpRNfkD8mMsdiCgu56wY=
github.com/cplieger/runesafe/v2 v2.0.0/go.mod h1:X3avIOn44UaASh8QEhXDIKNWA4HLmSAZYWywNwpOYyE=
github.com/cplieger/scheduler/v4 v4.0.0 h1:Td1pHPkHCtIR4Cczi0/0yAeJgba0ZmXCnfxU0jSPfAI=
github.com/cplieger/scheduler/v4 v4.0.0/go.mod h1:OZUt7EXSm8c6Ao+YM/CwVPEGrgYsihawSAPqqpTgwbw=
github.com/cplieger/slogx v1.6.2 h1:PfF+3SugvCJn4jYFOWrrLt8CFp2AJVqmnrkxWEDSPGU=
github.com/cplieger/slogx v1.6.2/go.mod h1:X+e8ilaM7ZP4luCDEQyQNalymzgGmB8jk3fyz5h9FJQ=
github.com/cplieger/urlform v1.3.0 h1:8gNEzEjtxpek/yfKRTBfit/9cDFB8d7Q9Ev12LRAk68=
github.com/cplieger/urlform v1.3.0/go.mod h1:UjT7v9kMA+KmC5FcGv4fvEP4G7Jd1p/elPmvjtEBMXc=
github.com/cplieger/webhttp/v2 v2.0.0 h1:0kZfGTUIX3ltdW5Nah95/oa9BtARePlOMP6HGy6to4o=
github.com/cplieger/webhttp/v2 v2.0.0/go.mod h1:63pP3oJEpsk2kEAonLuxjDh6V4IR5bO06N575hvuNag=
github.com/cplieger/xmlx v1.0.0 h1:tdUqGwAQ5kufIWwDJjYnWS2AcXoT5URLpfa5KaDR+CA=
github.com/cplieger/xmlx v1.0.0/go.mod h1:iZ1VwTghHYMNpbDmwX19wApwlAS+TzWVOV4NCq0zirY=
go.yaml.in/yaml/v3 v3.0.5 h1:N6y/pJk8buWs9NY5ERU2HSMfm+IuD/OtfdAnq6kESPw=
go.yaml.in/yaml/v3 v3.0.5/go.mod h1:HVTZu1O7/Vkt2N+BFy8Zza+lnLsABggaTM2ZpNIGuKg=
pgregory.net/rapid v1.3.0 h1:vBvO0VSqti75J1jjYqpgPNBLKMd1+gxa9fYo7vk/Exc=
pgregory.net/rapid v1.3.0/go.mod h1:dPlE4OBBxgXPqkP79flB6sJL1dx5azpI7HQ9MY9Z7uk=
